// !$*UTF8*$!
{
	archiveVersion = 1;
	classes = {
	};
	objectVersion = 46;
	objects = {

/* Begin PBXBuildFile section */
		634FB3FF1E62B95000A246A5 /* main.cpp in Sources */ = {isa = PBXBuildFile; fileRef = 634FB3FE1E62B95000A246A5 /* main.cpp */; };
		634FB4131E634E1F00A246A5 /* Plate.cpp in Sources */ = {isa = PBXBuildFile; fileRef = 634FB4111E634E1F00A246A5 /* Plate.cpp */; };
		63FA10CC1EAFC67000614365 /* Analysis.cpp in Sources */ = {isa = PBXBuildFile; fileRef = 63FA10CA1EAFC67000614365 /* Analysis.cpp */; };
/* End PBXBuildFile section */

/* Begin PBXCopyFilesBuildPhase section */
		634FB3F91E62B94F00A246A5 /* CopyFiles */ = {
			isa = PBXCopyFilesBuildPhase;
			buildActionMask = 2147483647;
			dstPath = /usr/share/man/man1/;
			dstSubfolderSpec = 0;
			files = (
			);
			runOnlyForDeploymentPostprocessing = 1;
		};
/* End PBXCopyFilesBuildPhase section */

/* Begin PBXFileReference section */
		634FB3FB1E62B95000A246A5 /* A. oris HTS Data Analysis */ = {isa = PBXFileReference; explicitFileType = "compiled.mach-o.executable"; includeInIndex = 0; path = "A. oris HTS Data Analysis"; sourceTree = BUILT_PRODUCTS_DIR; };
		634FB3FE1E62B95000A246A5 /* main.cpp */ = {isa = PBXFileReference; lastKnownFileType = sourcecode.cpp.cpp; path = main.cpp; sourceTree = "<group>"; };
		634FB4111E634E1F00A246A5 /* Plate.cpp */ = {isa = PBXFileReference; fileEncoding = 4; lastKnownFileType = sourcecode.cpp.cpp; path = Plate.cpp; sourceTree = "<group>"; };
		634FB4121E634E1F00A246A5 /* Plate.hpp */ = {isa = PBXFileReference; fileEncoding = 4; lastKnownFileType = sourcecode.cpp.h; path = Plate.hpp; sourceTree = "<group>"; };
		63FA10CA1EAFC67000614365 /* Analysis.cpp */ = {isa = PBXFileReference; fileEncoding = 4; lastKnownFileType = sourcecode.cpp.cpp; path = Analysis.cpp; sourceTree = "<group>"; };
		63FA10CB1EAFC67000614365 /* Analysis.hpp */ = {isa = PBXFileReference; fileEncoding = 4; lastKnownFileType = sourcecode.cpp.h; path = Analysis.hpp; sourceTree = "<group>"; };
/* End PBXFileReference section */

/* Begin PBXFrameworksBuildPhase section */
		634FB3F81E62B94F00A246A5 /* Frameworks */ = {
			isa = PBXFrameworksBuildPhase;
			buildActionMask = 2147483647;
			files = (
			);
			runOnlyForDeploymentPostprocessing = 0;
		};
/* End PBXFrameworksBuildPhase section */

/* Begin PBXGroup section */
		634FB3F21E62B94F00A246A5 = {
			isa = PBXGroup;
			children = (
				634FB4111E634E1F00A246A5 /* Plate.cpp */,
				63FA10CA1EAFC67000614365 /* Analysis.cpp */,
				63FA10CB1EAFC67000614365 /* Analysis.hpp */,
				634FB4121E634E1F00A246A5 /* Plate.hpp */,
				634FB3FD1E62B95000A246A5 /* A. oris HTS Data Analysis */,
				634FB3FC1E62B95000A246A5 /* Products */,
			);
			sourceTree = "<group>";
		};
		634FB3FC1E62B95000A246A5 /* Products */ = {
			isa = PBXGroup;
			children = (
				634FB3FB1E62B95000A246A5 /* A. oris HTS Data Analysis */,
			);
			name = Products;
			sourceTree = "<group>";
		};
		634FB3FD1E62B95000A246A5 /* A. oris HTS Data Analysis */ = {
			isa = PBXGroup;
			children = (
				634FB3FE1E62B95000A246A5 /* main.cpp */,
			);
			path = "A. oris HTS Data Analysis";
			sourceTree = "<group>";
		};
/* End PBXGroup section */

/* Begin PBXNativeTarget section */
		634FB3FA1E62B94F00A246A5 /* A. oris HTS Data Analysis */ = {
			isa = PBXNativeTarget;
			buildConfigurationList = 634FB4021E62B95000A246A5 /* Build configuration list for PBXNativeTarget "A. oris HTS Data Analysis" */;
			buildPhases = (
				634FB3F71E62B94F00A246A5 /* Sources */,
				634FB3F81E62B94F00A246A5 /* Frameworks */,
				634FB3F91E62B94F00A246A5 /* CopyFiles */,
			);
			buildRules = (
			);
			dependencies = (
			);
			name = "A. oris HTS Data Analysis";
			productName = "A. oris HTS Data Analysis";
			productReference = 634FB3FB1E62B95000A246A5 /* A. oris HTS Data Analysis */;
			productType = "com.apple.product-type.tool";
		};
/* End PBXNativeTarget section */

/* Begin PBXProject section */
		634FB3F31E62B94F00A246A5 /* Project object */ = {
			isa = PBXProject;
			attributes = {
				LastUpgradeCheck = 0820;
				ORGANIZATIONNAME = "Jason Gosschalk";
				TargetAttributes = {
					634FB3FA1E62B94F00A246A5 = {
						CreatedOnToolsVersion = 8.2.1;
						ProvisioningStyle = Automatic;
					};
				};
			};
			buildConfigurationList = 634FB3F61E62B94F00A246A5 /* Build configuration list for PBXProject "A. oris HTS Data Analysis" */;
			compatibilityVersion = "Xcode 3.2";
			developmentRegion = English;
			hasScannedForEncodings = 0;
			knownRegions = (
				en,
			);
			mainGroup = 634FB3F21E62B94F00A246A5;
			productRefGroup = 634FB3FC1E62B95000A246A5 /* Products */;
			projectDirPath = "";
			projectRoot = "";
			targets = (
				634FB3FA1E62B94F00A246A5 /* A. oris HTS Data Analysis */,
			);
		};
/* End PBXProject section */

/* Begin PBXSourcesBuildPhase section */
		634FB3F71E62B94F00A246A5 /* Sources */ = {
			isa = PBXSourcesBuildPhase;
			buildActionMask = 2147483647;
			files = (
				634FB4131E634E1F00A246A5 /* Plate.cpp in Sources */,
				634FB3FF1E62B95000A246A5 /* main.cpp in Sources */,
				63FA10CC1EAFC67000614365 /* Analysis.cpp in Sources */,
			);
			runOnlyForDeploymentPostprocessing = 0;
		};
/* End PBXSourcesBuildPhase section */

/* Begin XCBuildConfiguration section */
		634FB4001E62B95000A246A5 /* Debug */ = {
			isa = XCBuildConfiguration;
			buildSettings = {
				ALWAYS_SEARCH_USER_PATHS = NO;
				CLANG_ANALYZER_NONNULL = YES;
				CLANG_CXX_LANGUAGE_STANDARD = "gnu++0x";
				CLANG_CXX_LIBRARY = "libc++";
				CLANG_ENABLE_MODULES = YES;
				CLANG_ENABLE_OBJC_ARC = YES;
				CLANG_WARN_BOOL_CONVERSION = YES;
				CLANG_WARN_CONSTANT_CONVERSION = YES;
				CLANG_WARN_DIRECT_OBJC_ISA_USAGE = YES_ERROR;
				CLANG_WARN_DOCUMENTATION_COMMENTS = YES;
				CLANG_WARN_EMPTY_BODY = YES;
				CLANG_WARN_ENUM_CONVERSION = YES;
				CLANG_WARN_INFINITE_RECURSION = YES;
				CLANG_WARN_INT_CONVERSION = YES;
				CLANG_WARN_OBJC_ROOT_CLASS = YES_ERROR;
				CLANG_WARN_SUSPICIOUS_MOVE = YES;
				CLANG_WARN_UNREACHABLE_CODE = YES;
				CLANG_WARN__DUPLICATE_METHOD_MATCH = YES;
				CODE_SIGN_IDENTITY = "-";
				COPY_PHASE_STRIP = NO;
				DEBUG_INFORMATION_FORMAT = dwarf;
				ENABLE_STRICT_OBJC_MSGSEND = YES;
				ENABLE_TESTABILITY = YES;
				GCC_C_LANGUAGE_STANDARD = gnu99;
				GCC_DYNAMIC_NO_PIC = NO;
				GCC_NO_COMMON_BLOCKS = YES;
				GCC_OPTIMIZATION_LEVEL = 0;
				GCC_PREPROCESSOR_DEFINITIONS = (
					"DEBUG=1",
					"$(inherited)",
				);
				GCC_WARN_64_TO_32_BIT_CONVERSION = YES;
				GCC_WARN_ABOUT_RETURN_TYPE = YES_ERROR;
				GCC_WARN_UNDECLARED_SELECTOR = YES;
				GCC_WARN_UNINITIALIZED_AUTOS = YES_AGGRESSIVE;
				GCC_WARN_UNUSED_FUNCTION = YES;
				GCC_WARN_UNUSED_VARIABLE = YES;
				MACOSX_DEPLOYMENT_TARGET = 10.12;
				MTL_ENABLE_DEBUG_INFO = YES;
				ONLY_ACTIVE_ARCH = YES;
				SDKROOT = macosx;
			};
			name = Debug;
		};
		634FB4011E62B95000A246A5 /* Release */ = {
			isa = XCBuildConfiguration;
			buildSettings = {
				ALWAYS_SEARCH_USER_PATHS = NO;
				CLANG_ANALYZER_NONNULL = YES;
				CLANG_CXX_LANGUAGE_STANDARD = "gnu++0x";
				CLANG_CXX_LIBRARY = "libc++";
				CLANG_ENABLE_MODULES = YES;
				CLANG_ENABLE_OBJC_ARC = YES;
				CLANG_WARN_BOOL_CONVERSION = YES;
				CLANG_WARN_CONSTANT_CONVERSION = YES;
				CLANG_WARN_DIRECT_OBJC_ISA_USAGE = YES_ERROR;
				CLANG_WARN_DOCUMENTATION_COMMENTS = YES;
				CLANG_WARN_EMPTY_BODY = YES;
				CLANG_WARN_ENUM_CONVERSION = YES;
				CLANG_WARN_INFINITE_RECURSION = YES;
				CLANG_WARN_INT_CONVERSION = YES;
				CLANG_WARN_OBJC_ROOT_CLASS = YES_ERROR;
				CLANG_WARN_SUSPICIOUS_MOVE = YES;
				CLANG_WARN_UNREACHABLE_CODE = YES;
				CLANG_WARN__DUPLICATE_METHOD_MATCH = YES;
				CODE_SIGN_IDENTITY = "-";
				COPY_PHASE_STRIP = NO;
				DEBUG_INFORMATION_FORMAT = "dwarf-with-dsym";
				ENABLE_NS_ASSERTIONS = NO;
				ENABLE_STRICT_OBJC_MSGSEND = YES;
				GCC_C_LANGUAGE_STANDARD = gnu99;
				GCC_NO_COMMON_BLOCKS = YES;
				GCC_WARN_64_TO_32_BIT_CONVERSION = YES;
				GCC_WARN_ABOUT_RETURN_TYPE = YES_ERROR;
				GCC_WARN_UNDECLARED_SELECTOR = YES;
				GCC_WARN_UNINITIALIZED_AUTOS = YES_AGGRESSIVE;
				GCC_WARN_UNUSED_FUNCTION = YES;
				GCC_WARN_UNUSED_VARIABLE = YES;
				MACOSX_DEPLOYMENT_TARGET = 10.12;
				MTL_ENABLE_DEBUG_INFO = NO;
				SDKROOT = macosx;
			};
			name = Release;
		};
		634FB4031E62B95000A246A5 /* Debug */ = {
			isa = XCBuildConfiguration;
			buildSettings = {
				PRODUCT_NAME = "$(TARGET_NAME)";
			};
			name = Debug;
		};
		634FB4041E62B95000A246A5 /* Release */ = {
			isa = XCBuildConfiguration;
			buildSettings = {
				PRODUCT_NAME = "$(TARGET_NAME)";
			};
			name = Release;
		};
/* End XCBuildConfiguration section */

/* Begin XCConfigurationList section */
		634FB3F61E62B94F00A246A5 /* Build configuration list for PBXProject "A. oris HTS Data Analysis" */ = {
			isa = XCConfigurationList;
			buildConfigurations = (
				634FB4001E62B95000A246A5 /* Debug */,
				634FB4011E62B95000A246A5 /* Release */,
			);
			defaultConfigurationIsVisible = 0;
			defaultConfigurationName = Release;
		};
		634FB4021E62B95000A246A5 /* Build configuration list for PBXNativeTarget "A. oris HTS Data Analysis" */ = {
			isa = XCConfigurationList;
			buildConfigurations = (
				634FB4031E62B95000A246A5 /* Debug */,
				634FB4041E62B95000A246A5 /* Release */,
			);
			defaultConfigurationIsVisible = 0;
			defaultConfigurationName = Release;
		};
/* End XCConfigurationList section */
	};
	rootObject = 634FB3F31E62B94F00A246A5 /* Project object */;
}
